// !$*UTF8*$!
{
	archiveVersion = 1;
	classes = {
	};
	objectVersion = 50;
	objects = {

/* Begin PBXBuildFile section */
		FA0EA336213706CD004B6F97 /* AppDelegate.swift in Sources */ = {isa = PBXBuildFile; fileRef = FA0EA335213706CD004B6F97 /* AppDelegate.swift */; };
		FA0EA338213706CD004B6F97 /* GameScene.sks in Resources */ = {isa = PBXBuildFile; fileRef = FA0EA337213706CD004B6F97 /* GameScene.sks */; };
		FA0EA33A213706CD004B6F97 /* Actions.sks in Resources */ = {isa = PBXBuildFile; fileRef = FA0EA339213706CD004B6F97 /* Actions.sks */; };
		FA0EA33C213706CD004B6F97 /* GameScene.swift in Sources */ = {isa = PBXBuildFile; fileRef = FA0EA33B213706CD004B6F97 /* GameScene.swift */; };
		FA0EA33E213706CD004B6F97 /* GameViewController.swift in Sources */ = {isa = PBXBuildFile; fileRef = FA0EA33D213706CD004B6F97 /* GameViewController.swift */; };
		FA0EA341213706CD004B6F97 /* Main.storyboard in Resources */ = {isa = PBXBuildFile; fileRef = FA0EA33F213706CD004B6F97 /* Main.storyboard */; };
		FA0EA343213706CF004B6F97 /* Assets.xcassets in Resources */ = {isa = PBXBuildFile; fileRef = FA0EA342213706CF004B6F97 /* Assets.xcassets */; };
		FA0EA346213706CF004B6F97 /* LaunchScreen.storyboard in Resources */ = {isa = PBXBuildFile; fileRef = FA0EA344213706CF004B6F97 /* LaunchScreen.storyboard */; };
		FA0EA351213706CF004B6F97 /* TicTacToeTests.swift in Sources */ = {isa = PBXBuildFile; fileRef = FA0EA350213706CF004B6F97 /* TicTacToeTests.swift */; };
		FA0EA35C213706CF004B6F97 /* TicTacToeUITests.swift in Sources */ = {isa = PBXBuildFile; fileRef = FA0EA35B213706CF004B6F97 /* TicTacToeUITests.swift */; };
/* End PBXBuildFile section */

/* Begin PBXContainerItemProxy section */
		FA0EA34D213706CF004B6F97 /* PBXContainerItemProxy */ = {
			isa = PBXContainerItemProxy;
			containerPortal = FA0EA32A213706CD004B6F97 /* Project object */;
			proxyType = 1;
			remoteGlobalIDString = FA0EA331213706CD004B6F97;
			remoteInfo = TicTacToe;
		};
		FA0EA358213706CF004B6F97 /* PBXContainerItemProxy */ = {
			isa = PBXContainerItemProxy;
			containerPortal = FA0EA32A213706CD004B6F97 /* Project object */;
			proxyType = 1;
			remoteGlobalIDString = FA0EA331213706CD004B6F97;
			remoteInfo = TicTacToe;
		};
/* End PBXContainerItemProxy section */

/* Begin PBXFileReference section */
		FA0EA332213706CD004B6F97 /* TicTacToe.app */ = {isa = PBXFileReference; explicitFileType = wrapper.application; includeInIndex = 0; path = TicTacToe.app; sourceTree = BUILT_PRODUCTS_DIR; };
		FA0EA335213706CD004B6F97 /* AppDelegate.swift */ = {isa = PBXFileReference; lastKnownFileType = sourcecode.swift; path = AppDelegate.swift; sourceTree = "<group>"; };
		FA0EA337213706CD004B6F97 /* GameScene.sks */ = {isa = PBXFileReference; lastKnownFileType = file.sks; path = GameScene.sks; sourceTree = "<group>"; };
		FA0EA339213706CD004B6F97 /* Actions.sks */ = {isa = PBXFileReference; lastKnownFileType = file.sks; path = Actions.sks; sourceTree = "<group>"; };
		FA0EA33B213706CD004B6F97 /* GameScene.swift */ = {isa = PBXFileReference; lastKnownFileType = sourcecode.swift; path = GameScene.swift; sourceTree = "<group>"; };
		FA0EA33D213706CD004B6F97 /* GameViewController.swift */ = {isa = PBXFileReference; lastKnownFileType = sourcecode.swift; path = GameViewController.swift; sourceTree = "<group>"; };
		FA0EA340213706CD004B6F97 /* Base */ = {isa = PBXFileReference; lastKnownFileType = file.storyboard; name = Base; path = Base.lproj/Main.storyboard; sourceTree = "<group>"; };
		FA0EA342213706CF004B6F97 /* Assets.xcassets */ = {isa = PBXFileReference; lastKnownFileType = folder.assetcatalog; path = Assets.xcassets; sourceTree = "<group>"; };
		FA0EA345213706CF004B6F97 /* Base */ = {isa = PBXFileReference; lastKnownFileType = file.storyboard; name = Base; path = Base.lproj/LaunchScreen.storyboard; sourceTree = "<group>"; };
		FA0EA347213706CF004B6F97 /* Info.plist */ = {isa = PBXFileReference; lastKnownFileType = text.plist.xml; path = Info.plist; sourceTree = "<group>"; };
		FA0EA34C213706CF004B6F97 /* TicTacToeTests.xctest */ = {isa = PBXFileReference; explicitFileType = wrapper.cfbundle; includeInIndex = 0; path = TicTacToeTests.xctest; sourceTree = BUILT_PRODUCTS_DIR; };
		FA0EA350213706CF004B6F97 /* TicTacToeTests.swift */ = {isa = PBXFileReference; lastKnownFileType = sourcecode.swift; path = TicTacToeTests.swift; sourceTree = "<group>"; };
		FA0EA352213706CF004B6F97 /* Info.plist */ = {isa = PBXFileReference; lastKnownFileType = text.plist.xml; path = Info.plist; sourceTree = "<group>"; };
		FA0EA357213706CF004B6F97 /* TicTacToeUITests.xctest */ = {isa = PBXFileReference; explicitFileType = wrapper.cfbundle; includeInIndex = 0; path = TicTacToeUITests.xctest; sourceTree = BUILT_PRODUCTS_DIR; };
		FA0EA35B213706CF004B6F97 /* TicTacToeUITests.swift */ = {isa = PBXFileReference; lastKnownFileType = sourcecode.swift; path = TicTacToeUITests.swift; sourceTree = "<group>"; };
		FA0EA35D213706CF004B6F97 /* Info.plist */ = {isa = PBXFileReference; lastKnownFileType = text.plist.xml; path = Info.plist; sourceTree = "<group>"; };
/* End PBXFileReference section */

/* Begin PBXFrameworksBuildPhase section */
		FA0EA32F213706CD004B6F97 /* Frameworks */ = {
			isa = PBXFrameworksBuildPhase;
			buildActionMask = 2147483647;
			files = (
			);
			runOnlyForDeploymentPostprocessing = 0;
		};
		FA0EA349213706CF004B6F97 /* Frameworks */ = {
			isa = PBXFrameworksBuildPhase;
			buildActionMask = 2147483647;
			files = (
			);
			runOnlyForDeploymentPostprocessing = 0;
		};
		FA0EA354213706CF004B6F97 /* Frameworks */ = {
			isa = PBXFrameworksBuildPhase;
			buildActionMask = 2147483647;
			files = (
			);
			runOnlyForDeploymentPostprocessing = 0;
		};
/* End PBXFrameworksBuildPhase section */

/* Begin PBXGroup section */
		FA0EA329213706CD004B6F97 = {
			isa = PBXGroup;
			children = (
				FA0EA334213706CD004B6F97 /* TicTacToe */,
				FA0EA34F213706CF004B6F97 /* TicTacToeTests */,
				FA0EA35A213706CF004B6F97 /* TicTacToeUITests */,
				FA0EA333213706CD004B6F97 /* Products */,
			);
			sourceTree = "<group>";
		};
		FA0EA333213706CD004B6F97 /* Products */ = {
			isa = PBXGroup;
			children = (
				FA0EA332213706CD004B6F97 /* TicTacToe.app */,
				FA0EA34C213706CF004B6F97 /* TicTacToeTests.xctest */,
				FA0EA357213706CF004B6F97 /* TicTacToeUITests.xctest */,
			);
			name = Products;
			sourceTree = "<group>";
		};
		FA0EA334213706CD004B6F97 /* TicTacToe */ = {
			isa = PBXGroup;
			children = (
				FA0EA335213706CD004B6F97 /* AppDelegate.swift */,
				FA0EA337213706CD004B6F97 /* GameScene.sks */,
				FA0EA339213706CD004B6F97 /* Actions.sks */,
				FA0EA33B213706CD004B6F97 /* GameScene.swift */,
				FA0EA33D213706CD004B6F97 /* GameViewController.swift */,
				FA0EA33F213706CD004B6F97 /* Main.storyboard */,
				FA0EA342213706CF004B6F97 /* Assets.xcassets */,
				FA0EA344213706CF004B6F97 /* LaunchScreen.storyboard */,
				FA0EA347213706CF004B6F97 /* Info.plist */,
			);
			path = TicTacToe;
			sourceTree = "<group>";
		};
		FA0EA34F213706CF004B6F97 /* TicTacToeTests */ = {
			isa = PBXGroup;
			children = (
				FA0EA350213706CF004B6F97 /* TicTacToeTests.swift */,
				FA0EA352213706CF004B6F97 /* Info.plist */,
			);
			path = TicTacToeTests;
			sourceTree = "<group>";
		};
		FA0EA35A213706CF004B6F97 /* TicTacToeUITests */ = {
			isa = PBXGroup;
			children = (
				FA0EA35B213706CF004B6F97 /* TicTacToeUITests.swift */,
				FA0EA35D213706CF004B6F97 /* Info.plist */,
			);
			path = TicTacToeUITests;
			sourceTree = "<group>";
		};
/* End PBXGroup section */

/* Begin PBXNativeTarget section */
		FA0EA331213706CD004B6F97 /* TicTacToe */ = {
			isa = PBXNativeTarget;
			buildConfigurationList = FA0EA360213706CF004B6F97 /* Build configuration list for PBXNativeTarget "TicTacToe" */;
			buildPhases = (
				FA0EA32E213706CD004B6F97 /* Sources */,
				FA0EA32F213706CD004B6F97 /* Frameworks */,
				FA0EA330213706CD004B6F97 /* Resources */,
			);
			buildRules = (
			);
			dependencies = (
			);
			name = TicTacToe;
			productName = TicTacToe;
			productReference = FA0EA332213706CD004B6F97 /* TicTacToe.app */;
			productType = "com.apple.product-type.application";
		};
		FA0EA34B213706CF004B6F97 /* TicTacToeTests */ = {
			isa = PBXNativeTarget;
			buildConfigurationList = FA0EA363213706CF004B6F97 /* Build configuration list for PBXNativeTarget "TicTacToeTests" */;
			buildPhases = (
				FA0EA348213706CF004B6F97 /* Sources */,
				FA0EA349213706CF004B6F97 /* Frameworks */,
				FA0EA34A213706CF004B6F97 /* Resources */,
			);
			buildRules = (
			);
			dependencies = (
				FA0EA34E213706CF004B6F97 /* PBXTargetDependency */,
			);
			name = TicTacToeTests;
			productName = TicTacToeTests;
			productReference = FA0EA34C213706CF004B6F97 /* TicTacToeTests.xctest */;
			productType = "com.apple.product-type.bundle.unit-test";
		};
		FA0EA356213706CF004B6F97 /* TicTacToeUITests */ = {
			isa = PBXNativeTarget;
			buildConfigurationList = FA0EA366213706CF004B6F97 /* Build configuration list for PBXNativeTarget "TicTacToeUITests" */;
			buildPhases = (
				FA0EA353213706CF004B6F97 /* Sources */,
				FA0EA354213706CF004B6F97 /* Frameworks */,
				FA0EA355213706CF004B6F97 /* Resources */,
			);
			buildRules = (
			);
			dependencies = (
				FA0EA359213706CF004B6F97 /* PBXTargetDependency */,
			);
			name = TicTacToeUITests;
			productName = TicTacToeUITests;
			productReference = FA0EA357213706CF004B6F97 /* TicTacToeUITests.xctest */;
			productType = "com.apple.product-type.bundle.ui-testing";
		};
/* End PBXNativeTarget section */

/* Begin PBXProject section */
		FA0EA32A213706CD004B6F97 /* Project object */ = {
			isa = PBXProject;
			attributes = {
				LastSwiftUpdateCheck = 0940;
				LastUpgradeCheck = 0940;
				ORGANIZATIONNAME = momiv;
				TargetAttributes = {
					FA0EA331213706CD004B6F97 = {
						CreatedOnToolsVersion = 9.4.1;
					};
					FA0EA34B213706CF004B6F97 = {
						CreatedOnToolsVersion = 9.4.1;
						TestTargetID = FA0EA331213706CD004B6F97;
					};
					FA0EA356213706CF004B6F97 = {
						CreatedOnToolsVersion = 9.4.1;
						TestTargetID = FA0EA331213706CD004B6F97;
					};
				};
			};
			buildConfigurationList = FA0EA32D213706CD004B6F97 /* Build configuration list for PBXProject "TicTacToe" */;
			compatibilityVersion = "Xcode 9.3";
			developmentRegion = en;
			hasScannedForEncodings = 0;
			knownRegions = (
				en,
				Base,
			);
			mainGroup = FA0EA329213706CD004B6F97;
			productRefGroup = FA0EA333213706CD004B6F97 /* Products */;
			projectDirPath = "";
			projectRoot = "";
			targets = (
				FA0EA331213706CD004B6F97 /* TicTacToe */,
				FA0EA34B213706CF004B6F97 /* TicTacToeTests */,
				FA0EA356213706CF004B6F97 /* TicTacToeUITests */,
			);
		};
/* End PBXProject section */

/* Begin PBXResourcesBuildPhase section */
		FA0EA330213706CD004B6F97 /* Resources */ = {
			isa = PBXResourcesBuildPhase;
			buildActionMask = 2147483647;
			files = (
				FA0EA341213706CD004B6F97 /* Main.storyboard in Resources */,
				FA0EA338213706CD004B6F97 /* GameScene.sks in Resources */,
				FA0EA343213706CF004B6F97 /* Assets.xcassets in Resources */,
				FA0EA346213706CF004B6F97 /* LaunchScreen.storyboard in Resources */,
				FA0EA33A213706CD004B6F97 /* Actions.sks in Resources */,
			);
			runOnlyForDeploymentPostprocessing = 0;
		};
		FA0EA34A213706CF004B6F97 /* Resources */ = {
			isa = PBXResourcesBuildPhase;
			buildActionMask = 2147483647;
			files = (
			);
			runOnlyForDeploymentPostprocessing = 0;
		};
		FA0EA355213706CF004B6F97 /* Resources */ = {
			isa = PBXResourcesBuildPhase;
			buildActionMask = 2147483647;
			files = (
			);
			runOnlyForDeploymentPostprocessing = 0;
		};
/* End PBXResourcesBuildPhase section */

/* Begin PBXSourcesBuildPhase section */
		FA0EA32E213706CD004B6F97 /* Sources */ = {
			isa = PBXSourcesBuildPhase;
			buildActionMask = 2147483647;
			files = (
				FA0EA33C213706CD004B6F97 /* GameScene.swift in Sources */,
				FA0EA33E213706CD004B6F97 /* GameViewController.swift in Sources */,
				FA0EA336213706CD004B6F97 /* AppDelegate.swift in Sources */,
			);
			runOnlyForDeploymentPostprocessing = 0;
		};
		FA0EA348213706CF004B6F97 /* Sources */ = {
			isa = PBXSourcesBuildPhase;
			buildActionMask = 2147483647;
			files = (
				FA0EA351213706CF004B6F97 /* TicTacToeTests.swift in Sources */,
			);
			runOnlyForDeploymentPostprocessing = 0;
		};
		FA0EA353213706CF004B6F97 /* Sources */ = {
			isa = PBXSourcesBuildPhase;
			buildActionMask = 2147483647;
			files = (
				FA0EA35C213706CF004B6F97 /* TicTacToeUITests.swift in Sources */,
			);
			runOnlyForDeploymentPostprocessing = 0;
		};
/* End PBXSourcesBuildPhase section */

/* Begin PBXTargetDependency section */
		FA0EA34E213706CF004B6F97 /* PBXTargetDependency */ = {
			isa = PBXTargetDependency;
			target = FA0EA331213706CD004B6F97 /* TicTacToe */;
			targetProxy = FA0EA34D213706CF004B6F97 /* PBXContainerItemProxy */;
		};
		FA0EA359213706CF004B6F97 /* PBXTargetDependency */ = {
			isa = PBXTargetDependency;
			target = FA0EA331213706CD004B6F97 /* TicTacToe */;
			targetProxy = FA0EA358213706CF004B6F97 /* PBXContainerItemProxy */;
		};
/* End PBXTargetDependency section */

/* Begin PBXVariantGroup section */
		FA0EA33F213706CD004B6F97 /* Main.storyboard */ = {
			isa = PBXVariantGroup;
			children = (
				FA0EA340213706CD004B6F97 /* Base */,
			);
			name = Main.storyboard;
			sourceTree = "<group>";
		};
		FA0EA344213706CF004B6F97 /* LaunchScreen.storyboard */ = {
			isa = PBXVariantGroup;
			children = (
				FA0EA345213706CF004B6F97 /* Base */,
			);
			name = LaunchScreen.storyboard;
			sourceTree = "<group>";
		};
/* End PBXVariantGroup section */

/* Begin XCBuildConfiguration section */
		FA0EA35E213706CF004B6F97 /* Debug */ = {
			isa = XCBuildConfiguration;
			buildSettings = {
				ALWAYS_SEARCH_USER_PATHS = NO;
				CLANG_ANALYZER_NONNULL = YES;
				CLANG_ANALYZER_NUMBER_OBJECT_CONVERSION = YES_AGGRESSIVE;
				CLANG_CXX_LANGUAGE_STANDARD = "gnu++14";
				CLANG_CXX_LIBRARY = "libc++";
				CLANG_ENABLE_MODULES = YES;
				CLANG_ENABLE_OBJC_ARC = YES;
				CLANG_ENABLE_OBJC_WEAK = YES;
				CLANG_WARN_BLOCK_CAPTURE_AUTORELEASING = YES;
				CLANG_WARN_BOOL_CONVERSION = YES;
				CLANG_WARN_COMMA = YES;
				CLANG_WARN_CONSTANT_CONVERSION = YES;
				CLANG_WARN_DEPRECATED_OBJC_IMPLEMENTATIONS = YES;
				CLANG_WARN_DIRECT_OBJC_ISA_USAGE = YES_ERROR;
				CLANG_WARN_DOCUMENTATION_COMMENTS = YES;
				CLANG_WARN_EMPTY_BODY = YES;
				CLANG_WARN_ENUM_CONVERSION = YES;
				CLANG_WARN_INFINITE_RECURSION = YES;
				CLANG_WARN_INT_CONVERSION = YES;
				CLANG_WARN_NON_LITERAL_NULL_CONVERSION = YES;
				CLANG_WARN_OBJC_IMPLICIT_RETAIN_SELF = YES;
				CLANG_WARN_OBJC_LITERAL_CONVERSION = YES;
				CLANG_WARN_OBJC_ROOT_CLASS = YES_ERROR;
				CLANG_WARN_RANGE_LOOP_ANALYSIS = YES;
				CLANG_WARN_STRICT_PROTOTYPES = YES;
				CLANG_WARN_SUSPICIOUS_MOVE = YES;
				CLANG_WARN_UNGUARDED_AVAILABILITY = YES_AGGRESSIVE;
				CLANG_WARN_UNREACHABLE_CODE = YES;
				CLANG_WARN__DUPLICATE_METHOD_MATCH = YES;
				CODE_SIGN_IDENTITY = "iPhone Developer";
				COPY_PHASE_STRIP = NO;
				DEBUG_INFORMATION_FORMAT = dwarf;
				ENABLE_STRICT_OBJC_MSGSEND = YES;
				ENABLE_TESTABILITY = YES;
				GCC_C_LANGUAGE_STANDARD = gnu11;
				GCC_DYNAMIC_NO_PIC = NO;
				GCC_NO_COMMON_BLOCKS = YES;
				GCC_OPTIMIZATION_LEVEL = 0;
				GCC_PREPROCESSOR_DEFINITIONS = (
					"DEBUG=1",
					"$(inherited)",
				);
				GCC_WARN_64_TO_32_BIT_CONVERSION = YES;
				GCC_WARN_ABOUT_RETURN_TYPE = YES_ERROR;
				GCC_WARN_UNDECLARED_SELECTOR = YES;
				GCC_WARN_UNINITIALIZED_AUTOS = YES_AGGRESSIVE;
				GCC_WARN_UNUSED_FUNCTION = YES;
				GCC_WARN_UNUSED_VARIABLE = YES;
				IPHONEOS_DEPLOYMENT_TARGET = 11.4;
				MTL_ENABLE_DEBUG_INFO = YES;
				ONLY_ACTIVE_ARCH = YES;
				SDKROOT = iphoneos;
				SWIFT_ACTIVE_COMPILATION_CONDITIONS = DEBUG;
				SWIFT_OPTIMIZATION_LEVEL = "-Onone";
			};
			name = Debug;
		};
		FA0EA35F213706CF004B6F97 /* Release */ = {
			isa = XCBuildConfiguration;
			buildSettings = {
				ALWAYS_SEARCH_USER_PATHS = NO;
				CLANG_ANALYZER_NONNULL = YES;
				CLANG_ANALYZER_NUMBER_OBJECT_CONVERSION = YES_AGGRESSIVE;
				CLANG_CXX_LANGUAGE_STANDARD = "gnu++14";
				CLANG_CXX_LIBRARY = "libc++";
				CLANG_ENABLE_MODULES = YES;
				CLANG_ENABLE_OBJC_ARC = YES;
				CLANG_ENABLE_OBJC_WEAK = YES;
				CLANG_WARN_BLOCK_CAPTURE_AUTORELEASING = YES;
				CLANG_WARN_BOOL_CONVERSION = YES;
				CLANG_WARN_COMMA = YES;
				CLANG_WARN_CONSTANT_CONVERSION = YES;
				CLANG_WARN_DEPRECATED_OBJC_IMPLEMENTATIONS = YES;
				CLANG_WARN_DIRECT_OBJC_ISA_USAGE = YES_ERROR;
				CLANG_WARN_DOCUMENTATION_COMMENTS = YES;
				CLANG_WARN_EMPTY_BODY = YES;
				CLANG_WARN_ENUM_CONVERSION = YES;
				CLANG_WARN_INFINITE_RECURSION = YES;
				CLANG_WARN_INT_CONVERSION = YES;
				CLANG_WARN_NON_LITERAL_NULL_CONVERSION = YES;
				CLANG_WARN_OBJC_IMPLICIT_RETAIN_SELF = YES;
				CLANG_WARN_OBJC_LITERAL_CONVERSION = YES;
				CLANG_WARN_OBJC_ROOT_CLASS = YES_ERROR;
				CLANG_WARN_RANGE_LOOP_ANALYSIS = YES;
				CLANG_WARN_STRICT_PROTOTYPES = YES;
				CLANG_WARN_SUSPICIOUS_MOVE = YES;
				CLANG_WARN_UNGUARDED_AVAILABILITY = YES_AGGRESSIVE;
				CLANG_WARN_UNREACHABLE_CODE = YES;
				CLANG_WARN__DUPLICATE_METHOD_MATCH = YES;
				CODE_SIGN_IDENTITY = "iPhone Developer";
				COPY_PHASE_STRIP = NO;
				DEBUG_INFORMATION_FORMAT = "dwarf-with-dsym";
				ENABLE_NS_ASSERTIONS = NO;
				ENABLE_STRICT_OBJC_MSGSEND = YES;
				GCC_C_LANGUAGE_STANDARD = gnu11;
				GCC_NO_COMMON_BLOCKS = YES;
				GCC_WARN_64_TO_32_BIT_CONVERSION = YES;
				GCC_WARN_ABOUT_RETURN_TYPE = YES_ERROR;
				GCC_WARN_UNDECLARED_SELECTOR = YES;
				GCC_WARN_UNINITIALIZED_AUTOS = YES_AGGRESSIVE;
				GCC_WARN_UNUSED_FUNCTION = YES;
				GCC_WARN_UNUSED_VARIABLE = YES;
				IPHONEOS_DEPLOYMENT_TARGET = 11.4;
				MTL_ENABLE_DEBUG_INFO = NO;
				SDKROOT = iphoneos;
				SWIFT_COMPILATION_MODE = wholemodule;
				SWIFT_OPTIMIZATION_LEVEL = "-O";
				VALIDATE_PRODUCT = YES;
			};
			name = Release;
		};
		FA0EA361213706CF004B6F97 /* Debug */ = {
			isa = XCBuildConfiguration;
			buildSettings = {
				ASSETCATALOG_COMPILER_APPICON_NAME = AppIcon;
				CODE_SIGN_STYLE = Automatic;
				INFOPLIST_FILE = TicTacToe/Info.plist;
				LD_RUNPATH_SEARCH_PATHS = (
					"$(inherited)",
					"@executable_path/Frameworks",
				);
				PRODUCT_BUNDLE_IDENTIFIER = com.momiv.TicTacToe;
				PRODUCT_NAME = "$(TARGET_NAME)";
				SWIFT_VERSION = 4.0;
				TARGETED_DEVICE_FAMILY = "1,2";
			};
			name = Debug;
		};
		FA0EA362213706CF004B6F97 /* Release */ = {
			isa = XCBuildConfiguration;
			buildSettings = {
				ASSETCATALOG_COMPILER_APPICON_NAME = AppIcon;
				CODE_SIGN_STYLE = Automatic;
				INFOPLIST_FILE = TicTacToe/Info.plist;
				LD_RUNPATH_SEARCH_PATHS = (
					"$(inherited)",
					"@executable_path/Frameworks",
				);
				PRODUCT_BUNDLE_IDENTIFIER = com.momiv.TicTacToe;
				PRODUCT_NAME = "$(TARGET_NAME)";
				SWIFT_VERSION = 4.0;
				TARGETED_DEVICE_FAMILY = "1,2";
			};
			name = Release;
		};
		FA0EA364213706CF004B6F97 /* Debug */ = {
			isa = XCBuildConfiguration;
			buildSettings = {
				ALWAYS_EMBED_SWIFT_STANDARD_LIBRARIES = YES;
				BUNDLE_LOADER = "$(TEST_HOST)";
				CODE_SIGN_STYLE = Automatic;
				INFOPLIST_FILE = TicTacToeTests/Info.plist;
				LD_RUNPATH_SEARCH_PATHS = (
					"$(inherited)",
					"@executable_path/Frameworks",
					"@loader_path/Frameworks",
				);
				PRODUCT_BUNDLE_IDENTIFIER = com.momiv.TicTacToeTests;
				PRODUCT_NAME = "$(TARGET_NAME)";
				SWIFT_VERSION = 4.0;
				TARGETED_DEVICE_FAMILY = "1,2";
				TEST_HOST = "$(BUILT_PRODUCTS_DIR)/TicTacToe.app/TicTacToe";
			};
			name = Debug;
		};
		FA0EA365213706CF004B6F97 /* Release */ = {
			isa = XCBuildConfiguration;
			buildSettings = {
				ALWAYS_EMBED_SWIFT_STANDARD_LIBRARIES = YES;
				BUNDLE_LOADER = "$(TEST_HOST)";
				CODE_SIGN_STYLE = Automatic;
				INFOPLIST_FILE = TicTacToeTests/Info.plist;
				LD_RUNPATH_SEARCH_PATHS = (
					"$(inherited)",
					"@executable_path/Frameworks",
					"@loader_path/Frameworks",
				);
				PRODUCT_BUNDLE_IDENTIFIER = com.momiv.TicTacToeTests;
				PRODUCT_NAME = "$(TARGET_NAME)";
				SWIFT_VERSION = 4.0;
				TARGETED_DEVICE_FAMILY = "1,2";
				TEST_HOST = "$(BUILT_PRODUCTS_DIR)/TicTacToe.app/TicTacToe";
			};
			name = Release;
		};
		FA0EA367213706CF004B6F97 /* Debug */ = {
			isa = XCBuildConfiguration;
			buildSettings = {
				ALWAYS_EMBED_SWIFT_STANDARD_LIBRARIES = YES;
				CODE_SIGN_STYLE = Automatic;
				INFOPLIST_FILE = TicTacToeUITests/Info.plist;
				LD_RUNPATH_SEARCH_PATHS = (
					"$(inherited)",
					"@executable_path/Frameworks",
					"@loader_path/Frameworks",
				);
				PRODUCT_BUNDLE_IDENTIFIER = com.momiv.TicTacToeUITests;
				PRODUCT_NAME = "$(TARGET_NAME)";
				SWIFT_VERSION = 4.0;
				TARGETED_DEVICE_FAMILY = "1,2";
				TEST_TARGET_NAME = TicTacToe;
			};
			name = Debug;
		};
		FA0EA368213706CF004B6F97 /* Release */ = {
			isa = XCBuildConfiguration;
			buildSettings = {
				ALWAYS_EMBED_SWIFT_STANDARD_LIBRARIES = YES;
				CODE_SIGN_STYLE = Automatic;
				INFOPLIST_FILE = TicTacToeUITests/Info.plist;
				LD_RUNPATH_SEARCH_PATHS = (
					"$(inherited)",
					"@executable_path/Frameworks",
					"@loader_path/Frameworks",
				);
				PRODUCT_BUNDLE_IDENTIFIER = com.momiv.TicTacToeUITests;
				PRODUCT_NAME = "$(TARGET_NAME)";
				SWIFT_VERSION = 4.0;
				TARGETED_DEVICE_FAMILY = "1,2";
				TEST_TARGET_NAME = TicTacToe;
			};
			name = Release;
		};
/* End XCBuildConfiguration section */

/* Begin XCConfigurationList section */
		FA0EA32D213706CD004B6F97 /* Build configuration list for PBXProject "TicTacToe" */ = {
			isa = XCConfigurationList;
			buildConfigurations = (
				FA0EA35E213706CF004B6F97 /* Debug */,
				FA0EA35F213706CF004B6F97 /* Release */,
			);
			defaultConfigurationIsVisible = 0;
			defaultConfigurationName = Release;
		};
		FA0EA360213706CF004B6F97 /* Build configuration list for PBXNativeTarget "TicTacToe" */ = {
			isa = XCConfigurationList;
			buildConfigurations = (
				FA0EA361213706CF004B6F97 /* Debug */,
				FA0EA362213706CF004B6F97 /* Release */,
			);
			defaultConfigurationIsVisible = 0;
			defaultConfigurationName = Release;
		};
		FA0EA363213706CF004B6F97 /* Build configuration list for PBXNativeTarget "TicTacToeTests" */ = {
			isa = XCConfigurationList;
			buildConfigurations = (
				FA0EA364213706CF004B6F97 /* Debug */,
				FA0EA365213706CF004B6F97 /* Release */,
			);
			defaultConfigurationIsVisible = 0;
			defaultConfigurationName = Release;
		};
		FA0EA366213706CF004B6F97 /* Build configuration list for PBXNativeTarget "TicTacToeUITests" */ = {
			isa = XCConfigurationList;
			buildConfigurations = (
				FA0EA367213706CF004B6F97 /* Debug */,
				FA0EA368213706CF004B6F97 /* Release */,
			);
			defaultConfigurationIsVisible = 0;
			defaultConfigurationName = Release;
		};
/* End XCConfigurationList section */
	};
	rootObject = FA0EA32A213706CD004B6F97 /* Project object */;
}
